PODS:
  - Flutter (1.0.0)
  - flutter_zoom_meeting_sdk (0.0.1):
    - Flutter
  - integration_test (0.0.1):
    - Flutter

DEPENDENCIES:
  - Flutter (from `Flutter`)
  - flutter_zoom_meeting_sdk (from `.symlinks/plugins/flutter_zoom_meeting_sdk/ios`)
  - integration_test (from `.symlinks/plugins/integration_test/ios`)

EXTERNAL SOURCES:
  Flutter:
    :path: Flutter
  flutter_zoom_meeting_sdk:
    :path: ".symlinks/plugins/flutter_zoom_meeting_sdk/ios"
  integration_test:
    :path: ".symlinks/plugins/integration_test/ios"

SPEC CHECKSUMS:
  Flutter: cabc95a1d2626b1b06e7179b784ebcf0c0cde467
  flutter_zoom_meeting_sdk: 72cf189d4bbbe136ba15cc655faf55c12faf1d1f
  integration_test: 252f60fa39af5e17c3aa9899d35d908a0721b573

PODFILE CHECKSUM: 13d40cc29e51196e85f37b65eef5699661427e29

COCOAPODS: 1.16.2
